
Microsoft Visual Studio Solution File, Format Version 12.00
# Visual Studio Version 17
VisualStudioVersion = 17.1.32421.90
MinimumVisualStudioVersion = 10.0.40219.1
Project("{FAE04EC0-301F-11D3-BF4B-00C04F79EFBC}") = "Virtual-Wallet", "Virtual-Wallet\Virtual-Wallet.csproj", "{A9DDBAB3-634F-420D-9279-AA4A9157F9F9}"
EndProject
Global
	GlobalSection(SolutionConfigurationPlatforms) = preSolution
		Debug|Any CPU = Debug|Any CPU
		Release|Any CPU = Release|Any CPU
	EndGlobalSection
	GlobalSection(ProjectConfigurationPlatforms) = postSolution
		{A9DDBAB3-634F-420D-9279-AA4A9157F9F9}.Debug|Any CPU.ActiveCfg = Debug|Any CPU
		{A9DDBAB3-634F-420D-9279-AA4A9157F9F9}.Debug|Any CPU.Build.0 = Debug|Any CPU
		{A9DDBAB3-634F-420D-9279-AA4A9157F9F9}.Release|Any CPU.ActiveCfg = Release|Any CPU
		{A9DDBAB3-634F-420D-9279-AA4A9157F9F9}.Release|Any CPU.Build.0 = Release|Any CPU
	EndGlobalSection
	GlobalSection(SolutionProperties) = preSolution
		HideSolutionNode = FALSE
	EndGlobalSection
	GlobalSection(ExtensibilityGlobals) = postSolution
		SolutionGuid = {4632538E-05E6-42DB-927E-8AF8AFEDF594}
	EndGlobalSection
EndGlobal
